
Microsoft Visual Studio Solution File, Format Version 12.00
# Visual Studio Version 17
VisualStudioVersion = 17.14.36109.1 d17.14
MinimumVisualStudioVersion = 10.0.40219.1
Project("{FAE04EC0-301F-11D3-BF4B-00C04F79EFBC}") = "HyperEdit", "HyperEdit.csproj", "{2FF6FC29-02C3-489C-9EFE-B913973AF85B}"
EndProject
Global
	GlobalSection(SolutionConfigurationPlatforms) = preSolution
		Debug|Any CPU = Debug|Any CPU
		Release|Any CPU = Release|Any CPU
	EndGlobalSection
	GlobalSection(ProjectConfigurationPlatforms) = postSolution
		{2FF6FC29-02C3-489C-9EFE-B913973AF85B}.Debug|Any CPU.ActiveCfg = Debug|Any CPU
		{2FF6FC29-02C3-489C-9EFE-B913973AF85B}.Debug|Any CPU.Build.0 = Debug|Any CPU
		{2FF6FC29-02C3-489C-9EFE-B913973AF85B}.Release|Any CPU.ActiveCfg = Release|Any CPU
		{2FF6FC29-02C3-489C-9EFE-B913973AF85B}.Release|Any CPU.Build.0 = Release|Any CPU
	EndGlobalSection
	GlobalSection(SolutionProperties) = preSolution
		HideSolutionNode = FALSE
	EndGlobalSection
	GlobalSection(ExtensibilityGlobals) = postSolution
		SolutionGuid = {75D9E3B8-F5D3-4E44-B3A9-66589AA52177}
	EndGlobalSection
EndGlobal
